{
  "name": "socks5shadowsocks",
  "requires": true,
  "lockfileVersion": 1,
  "dependencies": {
    "@types/node": {
      "version": "8.10.59",
      "resolved": "http://r.cnpmjs.org/@types/node/download/@types/node-8.10.59.tgz",
      "integrity": "sha1-njQmHzAYP5d3AXoT0YXfrGuJngQ="
    },
    "arg": {
      "version": "4.1.2",
      "resolved": "http://r.cnpmjs.org/arg/download/arg-4.1.2.tgz",
      "integrity": "sha1-5wyQV54Cxj2A461OMdi/24vVAGQ="
    },
    "binary": {
      "version": "0.3.0",
      "resolved": "http://r.cnpmjs.org/binary/download/binary-0.3.0.tgz",
      "integrity": "sha1-n2BVO8XOjDOG87VTz/R0Yq3sqnk=",
      "requires": {
        "buffers": "~0.1.1",
        "chainsaw": "~0.1.0"
      }
    },
    "buffer-from": {
      "version": "1.1.1",
      "resolved": "http://r.cnpmjs.org/buffer-from/download/buffer-from-1.1.1.tgz",
      "integrity": "sha1-MnE7wCj3XAL9txDXx7zsHyxgcO8="
    },
    "buffers": {
      "version": "0.1.1",
      "resolved": "http://r.cnpmjs.org/buffers/download/buffers-0.1.1.tgz",
      "integrity": "sha1-skV5w77U1tOWru5tmorn9Ugqt7s="
    },
    "chainsaw": {
      "version": "0.1.0",
      "resolved": "http://r.cnpmjs.org/chainsaw/download/chainsaw-0.1.0.tgz",
      "integrity": "sha1-XqtQsor+WAdNDVgpE4iCi15fvJg=",
      "requires": {
        "traverse": ">=0.3.0 <0.4"
      }
    },
    "diff": {
      "version": "4.0.1",
      "resolved": "http://r.cnpmjs.org/diff/download/diff-4.0.1.tgz",
      "integrity": "sha1-DGZ8tGfru1zqfxTxNcwtuneAqP8="
    },
    "make-error": {
      "version": "1.3.5",
      "resolved": "http://r.cnpmjs.org/make-error/download/make-error-1.3.5.tgz",
      "integrity": "sha1-7+ToH22yjK3WBccPKcgxtY73dsg="
    },
    "put": {
      "version": "0.0.6",
      "resolved": "http://r.cnpmjs.org/put/download/put-0.0.6.tgz",
      "integrity": "sha1-MPX2C9bkOJvTKeFqJThsuy5KAKM="
    },
    "simple-socks": {
      "version": "0.2.7",
      "resolved": "http://r.cnpmjs.org/simple-socks/download/simple-socks-0.2.7.tgz",
      "integrity": "sha1-DtniVGXsPg7qZ1OJr/IF6JHAW/U=",
      "requires": {
        "binary": "^0.3.0",
        "put": "0.0.6"
      }
    },
    "source-map": {
      "version": "0.6.1",
      "resolved": "http://r.cnpmjs.org/source-map/download/source-map-0.6.1.tgz",
      "integrity": "sha1-dHIq8y6WFOnCh6jQu95IteLxomM="
    },
    "source-map-support": {
      "version": "0.5.16",
      "resolved": "http://r.cnpmjs.org/source-map-support/download/source-map-support-0.5.16.tgz",
      "integrity": "sha1-CuBp5/47p1OMZMmFFeNTOerFoEI=",
      "requires": {
        "buffer-from": "^1.0.0",
        "source-map": "^0.6.0"
      }
    },
    "traverse": {
      "version": "0.3.9",
      "resolved": "http://r.cnpmjs.org/traverse/download/traverse-0.3.9.tgz",
      "integrity": "sha1-cXuPIgzAu3tE5AUUwisui7xw2Lk="
    },
    "ts-node": {
      "version": "8.5.4",
      "resolved": "http://r.cnpmjs.org/ts-node/download/ts-node-8.5.4.tgz",
      "integrity": "sha1-oVKt0R+hnCIdC0iWLCEM9GcmKrI=",
      "requires": {
        "arg": "^4.1.0",
        "diff": "^4.0.1",
        "make-error": "^1.1.1",
        "source-map-support": "^0.5.6",
        "yn": "^3.0.0"
      }
    },
    "typescript": {
      "version": "3.7.3",
      "resolved": "http://r.cnpmjs.org/typescript/download/typescript-3.7.3.tgz",
      "integrity": "sha1-s2hAZooWRYpwJbnqv60Rtmq4XGk="
    },
    "yn": {
      "version": "3.1.1",
      "resolved": "http://r.cnpmjs.org/yn/download/yn-3.1.1.tgz",
      "integrity": "sha1-HodAGgnXZ8HV6rJqbkwYUYLS61A="
    }
  }
}
